
Microsoft Visual Studio Solution File, Format Version 12.00
# Visual Studio Version 17
VisualStudioVersion = 17.11.35005.142
MinimumVisualStudioVersion = 10.0.40219.1
Project("{FAE04EC0-301F-11D3-BF4B-00C04F79EFBC}") = "MovieProject", "MovieProject\MovieProject.csproj", "{EC69D800-2617-457C-8175-F6E48968A373}"
EndProject
Global
	GlobalSection(SolutionConfigurationPlatforms) = preSolution
		Debug|Any CPU = Debug|Any CPU
		Release|Any CPU = Release|Any CPU
	EndGlobalSection
	GlobalSection(ProjectConfigurationPlatforms) = postSolution
		{EC69D800-2617-457C-8175-F6E48968A373}.Debug|Any CPU.ActiveCfg = Debug|Any CPU
		{EC69D800-2617-457C-8175-F6E48968A373}.Debug|Any CPU.Build.0 = Debug|Any CPU
		{EC69D800-2617-457C-8175-F6E48968A373}.Release|Any CPU.ActiveCfg = Release|Any CPU
		{EC69D800-2617-457C-8175-F6E48968A373}.Release|Any CPU.Build.0 = Release|Any CPU
	EndGlobalSection
	GlobalSection(SolutionProperties) = preSolution
		HideSolutionNode = FALSE
	EndGlobalSection
	GlobalSection(ExtensibilityGlobals) = postSolution
		SolutionGuid = {1ABECA1A-0D40-4AC9-9ABE-6431925A2C5C}
	EndGlobalSection
EndGlobal
